Microsoft Visual Studio Solution File, Format Version 12.00
# Visual Studio 15
VisualStudioVersion = 15.0.28307.539
MinimumVisualStudioVersion = 10.0.40219.1
# This file is generated by MSBuildForUnity, it will get updated when the assembly definitions change.
Project("{9A19103F-16F7-4668-BE54-9A1E7A4F7556}") = "Microsoft.MixedReality.PhotoCapture", "C:\SAPDevelop\Projects\MixedReality-SpectatorView\src\SpectatorView.Unity\Assets\PhotoCapture\Microsoft.MixedReality.PhotoCapture.msb4u.csproj", "{055E7751-2989-6F04-9AAA-B953A244DF1C}"
	ProjectSection(ProjectDependencies) = postProject
	EndProjectSection
EndProject
Project("{9A19103F-16F7-4668-BE54-9A1E7A4F7556}") = "Microsoft.MixedReality.SpatialAlignment", "C:\SAPDevelop\Projects\MixedReality-SpectatorView\src\SpectatorView.Unity\Assets\SpatialAlignment\Microsoft.MixedReality.SpatialAlignment.msb4u.csproj", "{396E9E35-90CE-FD44-198C-D1E642263F09}"
	ProjectSection(ProjectDependencies) = postProject
	EndProjectSection
EndProject
Project("{9A19103F-16F7-4668-BE54-9A1E7A4F7556}") = "Unity.TextMeshPro", "C:\SAPDevelop\Projects\MixedReality-SpectatorView\src\SpectatorView.Unity\MSBuild\Projects\Unity.TextMeshPro.msb4u.csproj", "{6055BE8E-BEFD-69E4-8B49-212B09B47B2F}"
	ProjectSection(ProjectDependencies) = postProject
	EndProjectSection
EndProject
Project("{9A19103F-16F7-4668-BE54-9A1E7A4F7556}") = "Microsoft.MixedReality.SpectatorView.ExternalDependencies", "C:\SAPDevelop\Projects\MixedReality-SpectatorView\src\SpectatorView.Unity\Assets\SpectatorView.ExternalDependencies\Microsoft.MixedReality.SpectatorView.ExternalDependencies.msb4u.csproj", "{B14DD205-870C-0654-2A9D-D3D90FD967CB}"
	ProjectSection(ProjectDependencies) = postProject
	EndProjectSection
EndProject
Project("{9A19103F-16F7-4668-BE54-9A1E7A4F7556}") = "Unity.Timeline", "C:\SAPDevelop\Projects\MixedReality-SpectatorView\src\SpectatorView.Unity\MSBuild\Projects\Unity.Timeline.msb4u.csproj", "{F06555F7-5B07-0AF4-58A0-03D92F9EFB00}"
	ProjectSection(ProjectDependencies) = postProject
	EndProjectSection
EndProject
Project("{9A19103F-16F7-4668-BE54-9A1E7A4F7556}") = "com.unity.multiplayer-hlapi.Runtime", "C:\SAPDevelop\Projects\MixedReality-SpectatorView\src\SpectatorView.Unity\MSBuild\Projects\com.unity.multiplayer-hlapi.Runtime.msb4u.csproj", "{A44F47CF-3ADA-4435-DBC5-16BAD0BC86FE}"
	ProjectSection(ProjectDependencies) = postProject
	EndProjectSection
EndProject
Project("{9A19103F-16F7-4668-BE54-9A1E7A4F7556}") = "com.unity.multiplayer-weaver.Editor", "C:\SAPDevelop\Projects\MixedReality-SpectatorView\src\SpectatorView.Unity\MSBuild\Projects\com.unity.multiplayer-weaver.Editor.msb4u.csproj", "{5710C1F8-59F1-945B-6BC9-B33CFF6B43FC}"
	ProjectSection(ProjectDependencies) = postProject
	EndProjectSection
EndProject
Project("{9A19103F-16F7-4668-BE54-9A1E7A4F7556}") = "Unity.VSCode.Editor", "C:\SAPDevelop\Projects\MixedReality-SpectatorView\src\SpectatorView.Unity\MSBuild\Projects\Unity.VSCode.Editor.msb4u.csproj", "{8B845B12-3AB4-1844-8A8B-E2935FA804E0}"
	ProjectSection(ProjectDependencies) = postProject
	EndProjectSection
EndProject
Project("{9A19103F-16F7-4668-BE54-9A1E7A4F7556}") = "Unity.TextMeshPro.Editor", "C:\SAPDevelop\Projects\MixedReality-SpectatorView\src\SpectatorView.Unity\MSBuild\Projects\Unity.TextMeshPro.Editor.msb4u.csproj", "{6546D776-5B41-65B4-0850-B3667F981C26}"
	ProjectSection(ProjectDependencies) = postProject
		{6055BE8E-BEFD-69E4-8B49-212B09B47B2F} = {6055BE8E-BEFD-69E4-8B49-212B09B47B2F}
	EndProjectSection
EndProject
Project("{9A19103F-16F7-4668-BE54-9A1E7A4F7556}") = "UnityEngine.UI", "C:\SAPDevelop\Projects\MixedReality-SpectatorView\src\SpectatorView.Unity\MSBuild\Projects\UnityEngine.UI.msb4u.csproj", "{2BAFAC87-E7F4-B9B4-18D9-448D219B01AB}"
	ProjectSection(ProjectDependencies) = postProject
	EndProjectSection
EndProject
Project("{9A19103F-16F7-4668-BE54-9A1E7A4F7556}") = "Unity.CollabProxy.Editor", "C:\SAPDevelop\Projects\MixedReality-SpectatorView\src\SpectatorView.Unity\MSBuild\Projects\Unity.CollabProxy.Editor.msb4u.csproj", "{645165C8-1694-74BF-BBEB-8FB0BCFD26F5}"
	ProjectSection(ProjectDependencies) = postProject
	EndProjectSection
EndProject
Project("{9A19103F-16F7-4668-BE54-9A1E7A4F7556}") = "UnityEngine.SpatialTracking", "C:\SAPDevelop\Projects\MixedReality-SpectatorView\src\SpectatorView.Unity\MSBuild\Projects\UnityEngine.SpatialTracking.msb4u.csproj", "{BA171B3D-D2A5-1234-AB86-4770F99741A5}"
	ProjectSection(ProjectDependencies) = postProject
	EndProjectSection
EndProject
Project("{9A19103F-16F7-4668-BE54-9A1E7A4F7556}") = "UnityEngine.TestRunner", "C:\SAPDevelop\Projects\MixedReality-SpectatorView\src\SpectatorView.Unity\MSBuild\Projects\UnityEngine.TestRunner.msb4u.csproj", "{27619889-B8BA-8C24-980F-49EE34DBB44A}"
	ProjectSection(ProjectDependencies) = postProject
	EndProjectSection
EndProject
Project("{9A19103F-16F7-4668-BE54-9A1E7A4F7556}") = "MSBuildForUnity", "C:\SAPDevelop\Projects\MixedReality-SpectatorView\src\SpectatorView.Unity\MSBuild\Projects\MSBuildForUnity.msb4u.csproj", "{0DF1F49A-50F1-5354-5BF9-9E3DBB6674AD}"
	ProjectSection(ProjectDependencies) = postProject
	EndProjectSection
EndProject
Project("{9A19103F-16F7-4668-BE54-9A1E7A4F7556}") = "Unity.2D.Sprite.Editor", "C:\SAPDevelop\Projects\MixedReality-SpectatorView\src\SpectatorView.Unity\MSBuild\Projects\Unity.2D.Sprite.Editor.msb4u.csproj", "{2C573E6B-2716-5184-6A79-655161004C5B}"
	ProjectSection(ProjectDependencies) = postProject
	EndProjectSection
EndProject
Project("{9A19103F-16F7-4668-BE54-9A1E7A4F7556}") = "Unity.2D.Tilemap.Editor", "C:\SAPDevelop\Projects\MixedReality-SpectatorView\src\SpectatorView.Unity\MSBuild\Projects\Unity.2D.Tilemap.Editor.msb4u.csproj", "{3A9781DB-4804-A994-5B98-83F3A7C46D45}"
	ProjectSection(ProjectDependencies) = postProject
	EndProjectSection
EndProject
Project("{9A19103F-16F7-4668-BE54-9A1E7A4F7556}") = "UnityEditor.SpatialTracking", "C:\SAPDevelop\Projects\MixedReality-SpectatorView\src\SpectatorView.Unity\MSBuild\Projects\UnityEditor.SpatialTracking.msb4u.csproj", "{B13A1D1D-FB13-F1B4-89A0-FF5612F36F29}"
	ProjectSection(ProjectDependencies) = postProject
		{BA171B3D-D2A5-1234-AB86-4770F99741A5} = {BA171B3D-D2A5-1234-AB86-4770F99741A5}
	EndProjectSection
EndProject
Project("{9A19103F-16F7-4668-BE54-9A1E7A4F7556}") = "Unity.XR.WindowsMR", "C:\SAPDevelop\Projects\MixedReality-SpectatorView\src\SpectatorView.Unity\MSBuild\Projects\Unity.XR.WindowsMR.msb4u.csproj", "{33B4BC8F-F031-CA64-CB5B-84C47A40DD88}"
	ProjectSection(ProjectDependencies) = postProject
	EndProjectSection
EndProject
Project("{9A19103F-16F7-4668-BE54-9A1E7A4F7556}") = "Unity.Analytics.DataPrivacy", "C:\SAPDevelop\Projects\MixedReality-SpectatorView\src\SpectatorView.Unity\MSBuild\Projects\Unity.Analytics.DataPrivacy.msb4u.csproj", "{0FDA7EBE-61AB-2164-383D-10E32EFB9C6E}"
	ProjectSection(ProjectDependencies) = postProject
	EndProjectSection
EndProject
Project("{9A19103F-16F7-4668-BE54-9A1E7A4F7556}") = "UnityEditor.UI", "C:\SAPDevelop\Projects\MixedReality-SpectatorView\src\SpectatorView.Unity\MSBuild\Projects\UnityEditor.UI.msb4u.csproj", "{343DEAAF-83E0-CEE4-CA97-8E7DF0B80D21}"
	ProjectSection(ProjectDependencies) = postProject
		{2BAFAC87-E7F4-B9B4-18D9-448D219B01AB} = {2BAFAC87-E7F4-B9B4-18D9-448D219B01AB}
	EndProjectSection
EndProject
Project("{9A19103F-16F7-4668-BE54-9A1E7A4F7556}") = "Microsoft.MixedReality.SpectatorView", "C:\SAPDevelop\Projects\MixedReality-SpectatorView\src\SpectatorView.Unity\Assets\SpectatorView\Microsoft.MixedReality.SpectatorView.msb4u.csproj", "{CDB3C7B2-A792-97B4-B836-472544D312E6}"
	ProjectSection(ProjectDependencies) = postProject
		{055E7751-2989-6F04-9AAA-B953A244DF1C} = {055E7751-2989-6F04-9AAA-B953A244DF1C}
		{396E9E35-90CE-FD44-198C-D1E642263F09} = {396E9E35-90CE-FD44-198C-D1E642263F09}
		{6055BE8E-BEFD-69E4-8B49-212B09B47B2F} = {6055BE8E-BEFD-69E4-8B49-212B09B47B2F}
		{B14DD205-870C-0654-2A9D-D3D90FD967CB} = {B14DD205-870C-0654-2A9D-D3D90FD967CB}
	EndProjectSection
EndProject
Project("{9A19103F-16F7-4668-BE54-9A1E7A4F7556}") = "Unity.Timeline.Editor", "C:\SAPDevelop\Projects\MixedReality-SpectatorView\src\SpectatorView.Unity\MSBuild\Projects\Unity.Timeline.Editor.msb4u.csproj", "{02F77120-4943-F4A4-0949-438E873E3EFF}"
	ProjectSection(ProjectDependencies) = postProject
		{F06555F7-5B07-0AF4-58A0-03D92F9EFB00} = {F06555F7-5B07-0AF4-58A0-03D92F9EFB00}
	EndProjectSection
EndProject
Project("{9A19103F-16F7-4668-BE54-9A1E7A4F7556}") = "com.unity.multiplayer-hlapi.Editor", "C:\SAPDevelop\Projects\MixedReality-SpectatorView\src\SpectatorView.Unity\MSBuild\Projects\com.unity.multiplayer-hlapi.Editor.msb4u.csproj", "{1C73E6E1-E2B7-8495-3A92-12924DC002D1}"
	ProjectSection(ProjectDependencies) = postProject
		{A44F47CF-3ADA-4435-DBC5-16BAD0BC86FE} = {A44F47CF-3ADA-4435-DBC5-16BAD0BC86FE}
		{5710C1F8-59F1-945B-6BC9-B33CFF6B43FC} = {5710C1F8-59F1-945B-6BC9-B33CFF6B43FC}
	EndProjectSection
EndProject
Project("{9A19103F-16F7-4668-BE54-9A1E7A4F7556}") = "UnityEngine.XR.LegacyInputHelpers", "C:\SAPDevelop\Projects\MixedReality-SpectatorView\src\SpectatorView.Unity\MSBuild\Projects\UnityEngine.XR.LegacyInputHelpers.msb4u.csproj", "{28C5E819-ECE8-A074-6ABB-16DC5AA91F44}"
	ProjectSection(ProjectDependencies) = postProject
		{BA171B3D-D2A5-1234-AB86-4770F99741A5} = {BA171B3D-D2A5-1234-AB86-4770F99741A5}
	EndProjectSection
EndProject
Project("{9A19103F-16F7-4668-BE54-9A1E7A4F7556}") = "Microsoft.MixedReality.SpectatorView.Editor", "C:\SAPDevelop\Projects\MixedReality-SpectatorView\src\SpectatorView.Unity\Assets\SpectatorView.Editor\Microsoft.MixedReality.SpectatorView.Editor.msb4u.csproj", "{2426A099-181D-F8F4-0A73-894ABE74AA70}"
	ProjectSection(ProjectDependencies) = postProject
		{CDB3C7B2-A792-97B4-B836-472544D312E6} = {CDB3C7B2-A792-97B4-B836-472544D312E6}
		{055E7751-2989-6F04-9AAA-B953A244DF1C} = {055E7751-2989-6F04-9AAA-B953A244DF1C}
		{396E9E35-90CE-FD44-198C-D1E642263F09} = {396E9E35-90CE-FD44-198C-D1E642263F09}
	EndProjectSection
EndProject
Project("{9A19103F-16F7-4668-BE54-9A1E7A4F7556}") = "UnityEditor.TestRunner", "C:\SAPDevelop\Projects\MixedReality-SpectatorView\src\SpectatorView.Unity\MSBuild\Projects\UnityEditor.TestRunner.msb4u.csproj", "{0ACC5239-4130-2664-DB1F-4E527237FEB3}"
	ProjectSection(ProjectDependencies) = postProject
		{27619889-B8BA-8C24-980F-49EE34DBB44A} = {27619889-B8BA-8C24-980F-49EE34DBB44A}
	EndProjectSection
EndProject
Project("{9A19103F-16F7-4668-BE54-9A1E7A4F7556}") = "Unity.XR.WindowsMR.Editor", "C:\SAPDevelop\Projects\MixedReality-SpectatorView\src\SpectatorView.Unity\MSBuild\Projects\Unity.XR.WindowsMR.Editor.msb4u.csproj", "{0BBD462D-7DC8-F944-1973-A4C86A22E16E}"
	ProjectSection(ProjectDependencies) = postProject
		{33B4BC8F-F031-CA64-CB5B-84C47A40DD88} = {33B4BC8F-F031-CA64-CB5B-84C47A40DD88}
	EndProjectSection
EndProject
Project("{9A19103F-16F7-4668-BE54-9A1E7A4F7556}") = "UnityEditor.XR.LegacyInputHelpers", "C:\SAPDevelop\Projects\MixedReality-SpectatorView\src\SpectatorView.Unity\MSBuild\Projects\UnityEditor.XR.LegacyInputHelpers.msb4u.csproj", "{52C867DE-B383-2554-C84D-C4202BD47258}"
	ProjectSection(ProjectDependencies) = postProject
		{28C5E819-ECE8-A074-6ABB-16DC5AA91F44} = {28C5E819-ECE8-A074-6ABB-16DC5AA91F44}
		{BA171B3D-D2A5-1234-AB86-4770F99741A5} = {BA171B3D-D2A5-1234-AB86-4770F99741A5}
	EndProjectSection
EndProject
Project("{9A19103F-16F7-4668-BE54-9A1E7A4F7556}") = "Microsoft.MixedReality.SpectatorView.Tests", "C:\SAPDevelop\Projects\MixedReality-SpectatorView\src\SpectatorView.Unity\Assets\SpectatorView.Tests\Microsoft.MixedReality.SpectatorView.Tests.msb4u.csproj", "{5CD06987-0390-6034-CB45-6604ECF8919F}"
	ProjectSection(ProjectDependencies) = postProject
		{055E7751-2989-6F04-9AAA-B953A244DF1C} = {055E7751-2989-6F04-9AAA-B953A244DF1C}
		{396E9E35-90CE-FD44-198C-D1E642263F09} = {396E9E35-90CE-FD44-198C-D1E642263F09}
		{CDB3C7B2-A792-97B4-B836-472544D312E6} = {CDB3C7B2-A792-97B4-B836-472544D312E6}
	EndProjectSection
EndProject
Project("{9A19103F-16F7-4668-BE54-9A1E7A4F7556}") = "Unity.Rider.Editor", "C:\SAPDevelop\Projects\MixedReality-SpectatorView\src\SpectatorView.Unity\MSBuild\Projects\Unity.Rider.Editor.msb4u.csproj", "{D528C8C9-8D26-9CA4-4A06-CD9624A03945}"
	ProjectSection(ProjectDependencies) = postProject
		{0ACC5239-4130-2664-DB1F-4E527237FEB3} = {0ACC5239-4130-2664-DB1F-4E527237FEB3}
	EndProjectSection
EndProject
Project("{9A19103F-16F7-4668-BE54-9A1E7A4F7556}") = "Assembly-CSharp", "C:\SAPDevelop\Projects\MixedReality-SpectatorView\src\SpectatorView.Unity\Assets\Assembly-CSharp.msb4u.csproj", "{2A24704E-B5EF-42AE-98EE-A5B9FD95F9A4}"
	ProjectSection(ProjectDependencies) = postProject
		{02F77120-4943-F4A4-0949-438E873E3EFF} = {02F77120-4943-F4A4-0949-438E873E3EFF}
		{055E7751-2989-6F04-9AAA-B953A244DF1C} = {055E7751-2989-6F04-9AAA-B953A244DF1C}
		{1C73E6E1-E2B7-8495-3A92-12924DC002D1} = {1C73E6E1-E2B7-8495-3A92-12924DC002D1}
		{8B845B12-3AB4-1844-8A8B-E2935FA804E0} = {8B845B12-3AB4-1844-8A8B-E2935FA804E0}
		{CDB3C7B2-A792-97B4-B836-472544D312E6} = {CDB3C7B2-A792-97B4-B836-472544D312E6}
		{396E9E35-90CE-FD44-198C-D1E642263F09} = {396E9E35-90CE-FD44-198C-D1E642263F09}
		{6546D776-5B41-65B4-0850-B3667F981C26} = {6546D776-5B41-65B4-0850-B3667F981C26}
		{2BAFAC87-E7F4-B9B4-18D9-448D219B01AB} = {2BAFAC87-E7F4-B9B4-18D9-448D219B01AB}
		{F06555F7-5B07-0AF4-58A0-03D92F9EFB00} = {F06555F7-5B07-0AF4-58A0-03D92F9EFB00}
		{645165C8-1694-74BF-BBEB-8FB0BCFD26F5} = {645165C8-1694-74BF-BBEB-8FB0BCFD26F5}
		{5710C1F8-59F1-945B-6BC9-B33CFF6B43FC} = {5710C1F8-59F1-945B-6BC9-B33CFF6B43FC}
		{28C5E819-ECE8-A074-6ABB-16DC5AA91F44} = {28C5E819-ECE8-A074-6ABB-16DC5AA91F44}
		{2426A099-181D-F8F4-0A73-894ABE74AA70} = {2426A099-181D-F8F4-0A73-894ABE74AA70}
		{D528C8C9-8D26-9CA4-4A06-CD9624A03945} = {D528C8C9-8D26-9CA4-4A06-CD9624A03945}
		{0DF1F49A-50F1-5354-5BF9-9E3DBB6674AD} = {0DF1F49A-50F1-5354-5BF9-9E3DBB6674AD}
		{2C573E6B-2716-5184-6A79-655161004C5B} = {2C573E6B-2716-5184-6A79-655161004C5B}
		{3A9781DB-4804-A994-5B98-83F3A7C46D45} = {3A9781DB-4804-A994-5B98-83F3A7C46D45}
		{B13A1D1D-FB13-F1B4-89A0-FF5612F36F29} = {B13A1D1D-FB13-F1B4-89A0-FF5612F36F29}
		{0BBD462D-7DC8-F944-1973-A4C86A22E16E} = {0BBD462D-7DC8-F944-1973-A4C86A22E16E}
		{BA171B3D-D2A5-1234-AB86-4770F99741A5} = {BA171B3D-D2A5-1234-AB86-4770F99741A5}
		{6055BE8E-BEFD-69E4-8B49-212B09B47B2F} = {6055BE8E-BEFD-69E4-8B49-212B09B47B2F}
		{0FDA7EBE-61AB-2164-383D-10E32EFB9C6E} = {0FDA7EBE-61AB-2164-383D-10E32EFB9C6E}
		{52C867DE-B383-2554-C84D-C4202BD47258} = {52C867DE-B383-2554-C84D-C4202BD47258}
		{33B4BC8F-F031-CA64-CB5B-84C47A40DD88} = {33B4BC8F-F031-CA64-CB5B-84C47A40DD88}
		{343DEAAF-83E0-CEE4-CA97-8E7DF0B80D21} = {343DEAAF-83E0-CEE4-CA97-8E7DF0B80D21}
		{A44F47CF-3ADA-4435-DBC5-16BAD0BC86FE} = {A44F47CF-3ADA-4435-DBC5-16BAD0BC86FE}
	EndProjectSection
EndProject
Project("{9A19103F-16F7-4668-BE54-9A1E7A4F7556}") = "Dependencies", "C:\SAPDevelop\Projects\MixedReality-SpectatorView\src\SpectatorView.Unity\Assets\Dependencies.msb4u.csproj", "{89AD32CD-5490-449B-BE80-353F894625D4}"
	ProjectSection(ProjectDependencies) = postProject
	EndProjectSection
EndProject
Project("{2150E333-8FDC-42A3-9474-1A3956D46DE8}") = "Built In Packages", "Built In Packages", "{A8333A77-CEC7-4083-ADCE-5EFC480ACD69}"
EndProject
Project("{2150E333-8FDC-42A3-9474-1A3956D46DE8}") = "Imported Packages", "Imported Packages", "{6D84B6B9-FF5D-40DB-ADC1-CA3F0367B85C}"
EndProject
Project("{2150E333-8FDC-42A3-9474-1A3956D46DE8}") = "External Packages", "External Packages", "{26736E49-3CA0-4640-AE39-31F92D17F464}"
EndProject
Global
	GlobalSection(SolutionConfigurationPlatforms) = preSolution
		InEditor|WindowsStandalone32 = InEditor|WindowsStandalone32
		Player|WindowsStandalone32 = Player|WindowsStandalone32
		InEditor|WindowsStandalone64 = InEditor|WindowsStandalone64
		Player|WindowsStandalone64 = Player|WindowsStandalone64
	EndGlobalSection
	GlobalSection(ProjectConfigurationPlatforms) = postSolution
		{055E7751-2989-6F04-9AAA-B953A244DF1C}.InEditor|WindowsStandalone32.ActiveCfg = InEditor|WindowsStandalone32
		{055E7751-2989-6F04-9AAA-B953A244DF1C}.InEditor|WindowsStandalone64.ActiveCfg = InEditor|WindowsStandalone64
		{055E7751-2989-6F04-9AAA-B953A244DF1C}.Player|WindowsStandalone32.ActiveCfg = Player|WindowsStandalone32
		{055E7751-2989-6F04-9AAA-B953A244DF1C}.Player|WindowsStandalone64.ActiveCfg = Player|WindowsStandalone64
		{396E9E35-90CE-FD44-198C-D1E642263F09}.InEditor|WindowsStandalone32.ActiveCfg = InEditor|WindowsStandalone32
		{396E9E35-90CE-FD44-198C-D1E642263F09}.InEditor|WindowsStandalone64.ActiveCfg = InEditor|WindowsStandalone64
		{396E9E35-90CE-FD44-198C-D1E642263F09}.Player|WindowsStandalone32.ActiveCfg = Player|WindowsStandalone32
		{396E9E35-90CE-FD44-198C-D1E642263F09}.Player|WindowsStandalone64.ActiveCfg = Player|WindowsStandalone64
		{6055BE8E-BEFD-69E4-8B49-212B09B47B2F}.InEditor|WindowsStandalone32.ActiveCfg = InEditor|WindowsStandalone32
		{6055BE8E-BEFD-69E4-8B49-212B09B47B2F}.InEditor|WindowsStandalone64.ActiveCfg = InEditor|WindowsStandalone64
		{6055BE8E-BEFD-69E4-8B49-212B09B47B2F}.Player|WindowsStandalone32.ActiveCfg = Player|WindowsStandalone32
		{6055BE8E-BEFD-69E4-8B49-212B09B47B2F}.Player|WindowsStandalone64.ActiveCfg = Player|WindowsStandalone64
		{B14DD205-870C-0654-2A9D-D3D90FD967CB}.InEditor|WindowsStandalone32.ActiveCfg = InEditor|WindowsStandalone32
		{B14DD205-870C-0654-2A9D-D3D90FD967CB}.InEditor|WindowsStandalone64.ActiveCfg = InEditor|WindowsStandalone64
		{B14DD205-870C-0654-2A9D-D3D90FD967CB}.Player|WindowsStandalone32.ActiveCfg = Player|WindowsStandalone32
		{B14DD205-870C-0654-2A9D-D3D90FD967CB}.Player|WindowsStandalone64.ActiveCfg = Player|WindowsStandalone64
		{F06555F7-5B07-0AF4-58A0-03D92F9EFB00}.InEditor|WindowsStandalone32.ActiveCfg = InEditor|WindowsStandalone32
		{F06555F7-5B07-0AF4-58A0-03D92F9EFB00}.InEditor|WindowsStandalone64.ActiveCfg = InEditor|WindowsStandalone64
		{F06555F7-5B07-0AF4-58A0-03D92F9EFB00}.Player|WindowsStandalone32.ActiveCfg = Player|WindowsStandalone32
		{F06555F7-5B07-0AF4-58A0-03D92F9EFB00}.Player|WindowsStandalone64.ActiveCfg = Player|WindowsStandalone64
		{A44F47CF-3ADA-4435-DBC5-16BAD0BC86FE}.InEditor|WindowsStandalone32.ActiveCfg = InEditor|WindowsStandalone32
		{A44F47CF-3ADA-4435-DBC5-16BAD0BC86FE}.InEditor|WindowsStandalone64.ActiveCfg = InEditor|WindowsStandalone64
		{A44F47CF-3ADA-4435-DBC5-16BAD0BC86FE}.Player|WindowsStandalone32.ActiveCfg = Player|WindowsStandalone32
		{A44F47CF-3ADA-4435-DBC5-16BAD0BC86FE}.Player|WindowsStandalone64.ActiveCfg = Player|WindowsStandalone64
		{5710C1F8-59F1-945B-6BC9-B33CFF6B43FC}.InEditor|WindowsStandalone32.ActiveCfg = InEditor|WindowsStandalone32
		{5710C1F8-59F1-945B-6BC9-B33CFF6B43FC}.InEditor|WindowsStandalone64.ActiveCfg = InEditor|WindowsStandalone64
		{5710C1F8-59F1-945B-6BC9-B33CFF6B43FC}.Player|WindowsStandalone32.ActiveCfg = Player|WindowsStandalone32
		{5710C1F8-59F1-945B-6BC9-B33CFF6B43FC}.Player|WindowsStandalone64.ActiveCfg = Player|WindowsStandalone64
		{8B845B12-3AB4-1844-8A8B-E2935FA804E0}.InEditor|WindowsStandalone32.ActiveCfg = InEditor|WindowsStandalone32
		{8B845B12-3AB4-1844-8A8B-E2935FA804E0}.InEditor|WindowsStandalone64.ActiveCfg = InEditor|WindowsStandalone64
		{8B845B12-3AB4-1844-8A8B-E2935FA804E0}.Player|WindowsStandalone32.ActiveCfg = Player|WindowsStandalone32
		{8B845B12-3AB4-1844-8A8B-E2935FA804E0}.Player|WindowsStandalone64.ActiveCfg = Player|WindowsStandalone64
		{6546D776-5B41-65B4-0850-B3667F981C26}.InEditor|WindowsStandalone32.ActiveCfg = InEditor|WindowsStandalone32
		{6546D776-5B41-65B4-0850-B3667F981C26}.InEditor|WindowsStandalone64.ActiveCfg = InEditor|WindowsStandalone64
		{6546D776-5B41-65B4-0850-B3667F981C26}.Player|WindowsStandalone32.ActiveCfg = Player|WindowsStandalone32
		{6546D776-5B41-65B4-0850-B3667F981C26}.Player|WindowsStandalone64.ActiveCfg = Player|WindowsStandalone64
		{2BAFAC87-E7F4-B9B4-18D9-448D219B01AB}.InEditor|WindowsStandalone32.ActiveCfg = InEditor|WindowsStandalone32
		{2BAFAC87-E7F4-B9B4-18D9-448D219B01AB}.InEditor|WindowsStandalone64.ActiveCfg = InEditor|WindowsStandalone64
		{2BAFAC87-E7F4-B9B4-18D9-448D219B01AB}.Player|WindowsStandalone32.ActiveCfg = Player|WindowsStandalone32
		{2BAFAC87-E7F4-B9B4-18D9-448D219B01AB}.Player|WindowsStandalone64.ActiveCfg = Player|WindowsStandalone64
		{645165C8-1694-74BF-BBEB-8FB0BCFD26F5}.InEditor|WindowsStandalone32.ActiveCfg = InEditor|WindowsStandalone32
		{645165C8-1694-74BF-BBEB-8FB0BCFD26F5}.InEditor|WindowsStandalone64.ActiveCfg = InEditor|WindowsStandalone64
		{645165C8-1694-74BF-BBEB-8FB0BCFD26F5}.Player|WindowsStandalone32.ActiveCfg = Player|WindowsStandalone32
		{645165C8-1694-74BF-BBEB-8FB0BCFD26F5}.Player|WindowsStandalone64.ActiveCfg = Player|WindowsStandalone64
		{BA171B3D-D2A5-1234-AB86-4770F99741A5}.InEditor|WindowsStandalone32.ActiveCfg = InEditor|WindowsStandalone32
		{BA171B3D-D2A5-1234-AB86-4770F99741A5}.InEditor|WindowsStandalone64.ActiveCfg = InEditor|WindowsStandalone64
		{BA171B3D-D2A5-1234-AB86-4770F99741A5}.Player|WindowsStandalone32.ActiveCfg = Player|WindowsStandalone32
		{BA171B3D-D2A5-1234-AB86-4770F99741A5}.Player|WindowsStandalone64.ActiveCfg = Player|WindowsStandalone64
		{27619889-B8BA-8C24-980F-49EE34DBB44A}.InEditor|WindowsStandalone32.ActiveCfg = InEditor|WindowsStandalone32
		{27619889-B8BA-8C24-980F-49EE34DBB44A}.InEditor|WindowsStandalone64.ActiveCfg = InEditor|WindowsStandalone64
		{27619889-B8BA-8C24-980F-49EE34DBB44A}.Player|WindowsStandalone32.ActiveCfg = Player|WindowsStandalone32
		{27619889-B8BA-8C24-980F-49EE34DBB44A}.Player|WindowsStandalone64.ActiveCfg = Player|WindowsStandalone64
		{0DF1F49A-50F1-5354-5BF9-9E3DBB6674AD}.InEditor|WindowsStandalone32.ActiveCfg = InEditor|WindowsStandalone32
		{0DF1F49A-50F1-5354-5BF9-9E3DBB6674AD}.InEditor|WindowsStandalone64.ActiveCfg = InEditor|WindowsStandalone64
		{0DF1F49A-50F1-5354-5BF9-9E3DBB6674AD}.Player|WindowsStandalone32.ActiveCfg = Player|WindowsStandalone32
		{0DF1F49A-50F1-5354-5BF9-9E3DBB6674AD}.Player|WindowsStandalone64.ActiveCfg = Player|WindowsStandalone64
		{2C573E6B-2716-5184-6A79-655161004C5B}.InEditor|WindowsStandalone32.ActiveCfg = InEditor|WindowsStandalone32
		{2C573E6B-2716-5184-6A79-655161004C5B}.InEditor|WindowsStandalone64.ActiveCfg = InEditor|WindowsStandalone64
		{2C573E6B-2716-5184-6A79-655161004C5B}.Player|WindowsStandalone32.ActiveCfg = Player|WindowsStandalone32
		{2C573E6B-2716-5184-6A79-655161004C5B}.Player|WindowsStandalone64.ActiveCfg = Player|WindowsStandalone64
		{3A9781DB-4804-A994-5B98-83F3A7C46D45}.InEditor|WindowsStandalone32.ActiveCfg = InEditor|WindowsStandalone32
		{3A9781DB-4804-A994-5B98-83F3A7C46D45}.InEditor|WindowsStandalone64.ActiveCfg = InEditor|WindowsStandalone64
		{3A9781DB-4804-A994-5B98-83F3A7C46D45}.Player|WindowsStandalone32.ActiveCfg = Player|WindowsStandalone32
		{3A9781DB-4804-A994-5B98-83F3A7C46D45}.Player|WindowsStandalone64.ActiveCfg = Player|WindowsStandalone64
		{B13A1D1D-FB13-F1B4-89A0-FF5612F36F29}.InEditor|WindowsStandalone32.ActiveCfg = InEditor|WindowsStandalone32
		{B13A1D1D-FB13-F1B4-89A0-FF5612F36F29}.InEditor|WindowsStandalone64.ActiveCfg = InEditor|WindowsStandalone64
		{B13A1D1D-FB13-F1B4-89A0-FF5612F36F29}.Player|WindowsStandalone32.ActiveCfg = Player|WindowsStandalone32
		{B13A1D1D-FB13-F1B4-89A0-FF5612F36F29}.Player|WindowsStandalone64.ActiveCfg = Player|WindowsStandalone64
		{33B4BC8F-F031-CA64-CB5B-84C47A40DD88}.InEditor|WindowsStandalone32.ActiveCfg = InEditor|WindowsStandalone32
		{33B4BC8F-F031-CA64-CB5B-84C47A40DD88}.InEditor|WindowsStandalone64.ActiveCfg = InEditor|WindowsStandalone64
		{33B4BC8F-F031-CA64-CB5B-84C47A40DD88}.Player|WindowsStandalone32.ActiveCfg = Player|WindowsStandalone32
		{33B4BC8F-F031-CA64-CB5B-84C47A40DD88}.Player|WindowsStandalone64.ActiveCfg = Player|WindowsStandalone64
		{0FDA7EBE-61AB-2164-383D-10E32EFB9C6E}.InEditor|WindowsStandalone32.ActiveCfg = InEditor|WindowsStandalone32
		{0FDA7EBE-61AB-2164-383D-10E32EFB9C6E}.InEditor|WindowsStandalone64.ActiveCfg = InEditor|WindowsStandalone64
		{0FDA7EBE-61AB-2164-383D-10E32EFB9C6E}.Player|WindowsStandalone32.ActiveCfg = Player|WindowsStandalone32
		{0FDA7EBE-61AB-2164-383D-10E32EFB9C6E}.Player|WindowsStandalone64.ActiveCfg = Player|WindowsStandalone64
		{343DEAAF-83E0-CEE4-CA97-8E7DF0B80D21}.InEditor|WindowsStandalone32.ActiveCfg = InEditor|WindowsStandalone32
		{343DEAAF-83E0-CEE4-CA97-8E7DF0B80D21}.InEditor|WindowsStandalone64.ActiveCfg = InEditor|WindowsStandalone64
		{343DEAAF-83E0-CEE4-CA97-8E7DF0B80D21}.Player|WindowsStandalone32.ActiveCfg = Player|WindowsStandalone32
		{343DEAAF-83E0-CEE4-CA97-8E7DF0B80D21}.Player|WindowsStandalone64.ActiveCfg = Player|WindowsStandalone64
		{CDB3C7B2-A792-97B4-B836-472544D312E6}.InEditor|WindowsStandalone32.ActiveCfg = InEditor|WindowsStandalone32
		{CDB3C7B2-A792-97B4-B836-472544D312E6}.InEditor|WindowsStandalone64.ActiveCfg = InEditor|WindowsStandalone64
		{CDB3C7B2-A792-97B4-B836-472544D312E6}.Player|WindowsStandalone32.ActiveCfg = Player|WindowsStandalone32
		{CDB3C7B2-A792-97B4-B836-472544D312E6}.Player|WindowsStandalone64.ActiveCfg = Player|WindowsStandalone64
		{02F77120-4943-F4A4-0949-438E873E3EFF}.InEditor|WindowsStandalone32.ActiveCfg = InEditor|WindowsStandalone32
		{02F77120-4943-F4A4-0949-438E873E3EFF}.InEditor|WindowsStandalone64.ActiveCfg = InEditor|WindowsStandalone64
		{02F77120-4943-F4A4-0949-438E873E3EFF}.Player|WindowsStandalone32.ActiveCfg = Player|WindowsStandalone32
		{02F77120-4943-F4A4-0949-438E873E3EFF}.Player|WindowsStandalone64.ActiveCfg = Player|WindowsStandalone64
		{1C73E6E1-E2B7-8495-3A92-12924DC002D1}.InEditor|WindowsStandalone32.ActiveCfg = InEditor|WindowsStandalone32
		{1C73E6E1-E2B7-8495-3A92-12924DC002D1}.InEditor|WindowsStandalone64.ActiveCfg = InEditor|WindowsStandalone64
		{1C73E6E1-E2B7-8495-3A92-12924DC002D1}.Player|WindowsStandalone32.ActiveCfg = Player|WindowsStandalone32
		{1C73E6E1-E2B7-8495-3A92-12924DC002D1}.Player|WindowsStandalone64.ActiveCfg = Player|WindowsStandalone64
		{28C5E819-ECE8-A074-6ABB-16DC5AA91F44}.InEditor|WindowsStandalone32.ActiveCfg = InEditor|WindowsStandalone32
		{28C5E819-ECE8-A074-6ABB-16DC5AA91F44}.InEditor|WindowsStandalone64.ActiveCfg = InEditor|WindowsStandalone64
		{28C5E819-ECE8-A074-6ABB-16DC5AA91F44}.Player|WindowsStandalone32.ActiveCfg = Player|WindowsStandalone32
		{28C5E819-ECE8-A074-6ABB-16DC5AA91F44}.Player|WindowsStandalone64.ActiveCfg = Player|WindowsStandalone64
		{2426A099-181D-F8F4-0A73-894ABE74AA70}.InEditor|WindowsStandalone32.ActiveCfg = InEditor|WindowsStandalone32
		{2426A099-181D-F8F4-0A73-894ABE74AA70}.InEditor|WindowsStandalone64.ActiveCfg = InEditor|WindowsStandalone64
		{2426A099-181D-F8F4-0A73-894ABE74AA70}.Player|WindowsStandalone32.ActiveCfg = Player|WindowsStandalone32
		{2426A099-181D-F8F4-0A73-894ABE74AA70}.Player|WindowsStandalone64.ActiveCfg = Player|WindowsStandalone64
		{0ACC5239-4130-2664-DB1F-4E527237FEB3}.InEditor|WindowsStandalone32.ActiveCfg = InEditor|WindowsStandalone32
		{0ACC5239-4130-2664-DB1F-4E527237FEB3}.InEditor|WindowsStandalone64.ActiveCfg = InEditor|WindowsStandalone64
		{0ACC5239-4130-2664-DB1F-4E527237FEB3}.Player|WindowsStandalone32.ActiveCfg = Player|WindowsStandalone32
		{0ACC5239-4130-2664-DB1F-4E527237FEB3}.Player|WindowsStandalone64.ActiveCfg = Player|WindowsStandalone64
		{0BBD462D-7DC8-F944-1973-A4C86A22E16E}.InEditor|WindowsStandalone32.ActiveCfg = InEditor|WindowsStandalone32
		{0BBD462D-7DC8-F944-1973-A4C86A22E16E}.InEditor|WindowsStandalone64.ActiveCfg = InEditor|WindowsStandalone64
		{0BBD462D-7DC8-F944-1973-A4C86A22E16E}.Player|WindowsStandalone32.ActiveCfg = Player|WindowsStandalone32
		{0BBD462D-7DC8-F944-1973-A4C86A22E16E}.Player|WindowsStandalone64.ActiveCfg = Player|WindowsStandalone64
		{52C867DE-B383-2554-C84D-C4202BD47258}.InEditor|WindowsStandalone32.ActiveCfg = InEditor|WindowsStandalone32
		{52C867DE-B383-2554-C84D-C4202BD47258}.InEditor|WindowsStandalone64.ActiveCfg = InEditor|WindowsStandalone64
		{52C867DE-B383-2554-C84D-C4202BD47258}.Player|WindowsStandalone32.ActiveCfg = Player|WindowsStandalone32
		{52C867DE-B383-2554-C84D-C4202BD47258}.Player|WindowsStandalone64.ActiveCfg = Player|WindowsStandalone64
		{5CD06987-0390-6034-CB45-6604ECF8919F}.InEditor|WindowsStandalone32.ActiveCfg = InEditor|WindowsStandalone32
		{5CD06987-0390-6034-CB45-6604ECF8919F}.InEditor|WindowsStandalone64.ActiveCfg = InEditor|WindowsStandalone64
		{5CD06987-0390-6034-CB45-6604ECF8919F}.Player|WindowsStandalone32.ActiveCfg = Player|WindowsStandalone32
		{5CD06987-0390-6034-CB45-6604ECF8919F}.Player|WindowsStandalone64.ActiveCfg = Player|WindowsStandalone64
		{D528C8C9-8D26-9CA4-4A06-CD9624A03945}.InEditor|WindowsStandalone32.ActiveCfg = InEditor|WindowsStandalone32
		{D528C8C9-8D26-9CA4-4A06-CD9624A03945}.InEditor|WindowsStandalone64.ActiveCfg = InEditor|WindowsStandalone64
		{D528C8C9-8D26-9CA4-4A06-CD9624A03945}.Player|WindowsStandalone32.ActiveCfg = Player|WindowsStandalone32
		{D528C8C9-8D26-9CA4-4A06-CD9624A03945}.Player|WindowsStandalone64.ActiveCfg = Player|WindowsStandalone64
		{2A24704E-B5EF-42AE-98EE-A5B9FD95F9A4}.InEditor|WindowsStandalone32.ActiveCfg = InEditor|WindowsStandalone32
		{2A24704E-B5EF-42AE-98EE-A5B9FD95F9A4}.InEditor|WindowsStandalone64.ActiveCfg = InEditor|WindowsStandalone64
		{2A24704E-B5EF-42AE-98EE-A5B9FD95F9A4}.Player|WindowsStandalone32.ActiveCfg = Player|WindowsStandalone32
		{2A24704E-B5EF-42AE-98EE-A5B9FD95F9A4}.Player|WindowsStandalone64.ActiveCfg = Player|WindowsStandalone64
		{055E7751-2989-6F04-9AAA-B953A244DF1C}.InEditor|WindowsStandalone32.Build.0 = InEditor|WindowsStandalone32
		{055E7751-2989-6F04-9AAA-B953A244DF1C}.InEditor|WindowsStandalone64.Build.0 = InEditor|WindowsStandalone64
		{055E7751-2989-6F04-9AAA-B953A244DF1C}.Player|WindowsStandalone32.Build.0 = Player|WindowsStandalone32
		{055E7751-2989-6F04-9AAA-B953A244DF1C}.Player|WindowsStandalone64.Build.0 = Player|WindowsStandalone64
		{396E9E35-90CE-FD44-198C-D1E642263F09}.InEditor|WindowsStandalone32.Build.0 = InEditor|WindowsStandalone32
		{396E9E35-90CE-FD44-198C-D1E642263F09}.InEditor|WindowsStandalone64.Build.0 = InEditor|WindowsStandalone64
		{396E9E35-90CE-FD44-198C-D1E642263F09}.Player|WindowsStandalone32.Build.0 = Player|WindowsStandalone32
		{396E9E35-90CE-FD44-198C-D1E642263F09}.Player|WindowsStandalone64.Build.0 = Player|WindowsStandalone64
		{6055BE8E-BEFD-69E4-8B49-212B09B47B2F}.InEditor|WindowsStandalone32.Build.0 = InEditor|WindowsStandalone32
		{6055BE8E-BEFD-69E4-8B49-212B09B47B2F}.InEditor|WindowsStandalone64.Build.0 = InEditor|WindowsStandalone64
		{6055BE8E-BEFD-69E4-8B49-212B09B47B2F}.Player|WindowsStandalone32.Build.0 = Player|WindowsStandalone32
		{6055BE8E-BEFD-69E4-8B49-212B09B47B2F}.Player|WindowsStandalone64.Build.0 = Player|WindowsStandalone64
		{B14DD205-870C-0654-2A9D-D3D90FD967CB}.InEditor|WindowsStandalone32.Build.0 = InEditor|WindowsStandalone32
		{B14DD205-870C-0654-2A9D-D3D90FD967CB}.InEditor|WindowsStandalone64.Build.0 = InEditor|WindowsStandalone64
		{F06555F7-5B07-0AF4-58A0-03D92F9EFB00}.InEditor|WindowsStandalone32.Build.0 = InEditor|WindowsStandalone32
		{F06555F7-5B07-0AF4-58A0-03D92F9EFB00}.InEditor|WindowsStandalone64.Build.0 = InEditor|WindowsStandalone64
		{F06555F7-5B07-0AF4-58A0-03D92F9EFB00}.Player|WindowsStandalone32.Build.0 = Player|WindowsStandalone32
		{F06555F7-5B07-0AF4-58A0-03D92F9EFB00}.Player|WindowsStandalone64.Build.0 = Player|WindowsStandalone64
		{A44F47CF-3ADA-4435-DBC5-16BAD0BC86FE}.InEditor|WindowsStandalone32.Build.0 = InEditor|WindowsStandalone32
		{A44F47CF-3ADA-4435-DBC5-16BAD0BC86FE}.InEditor|WindowsStandalone64.Build.0 = InEditor|WindowsStandalone64
		{A44F47CF-3ADA-4435-DBC5-16BAD0BC86FE}.Player|WindowsStandalone32.Build.0 = Player|WindowsStandalone32
		{A44F47CF-3ADA-4435-DBC5-16BAD0BC86FE}.Player|WindowsStandalone64.Build.0 = Player|WindowsStandalone64
		{5710C1F8-59F1-945B-6BC9-B33CFF6B43FC}.InEditor|WindowsStandalone32.Build.0 = InEditor|WindowsStandalone32
		{5710C1F8-59F1-945B-6BC9-B33CFF6B43FC}.InEditor|WindowsStandalone64.Build.0 = InEditor|WindowsStandalone64
		{8B845B12-3AB4-1844-8A8B-E2935FA804E0}.InEditor|WindowsStandalone32.Build.0 = InEditor|WindowsStandalone32
		{8B845B12-3AB4-1844-8A8B-E2935FA804E0}.InEditor|WindowsStandalone64.Build.0 = InEditor|WindowsStandalone64
		{6546D776-5B41-65B4-0850-B3667F981C26}.InEditor|WindowsStandalone32.Build.0 = InEditor|WindowsStandalone32
		{6546D776-5B41-65B4-0850-B3667F981C26}.InEditor|WindowsStandalone64.Build.0 = InEditor|WindowsStandalone64
		{2BAFAC87-E7F4-B9B4-18D9-448D219B01AB}.InEditor|WindowsStandalone32.Build.0 = InEditor|WindowsStandalone32
		{2BAFAC87-E7F4-B9B4-18D9-448D219B01AB}.InEditor|WindowsStandalone64.Build.0 = InEditor|WindowsStandalone64
		{2BAFAC87-E7F4-B9B4-18D9-448D219B01AB}.Player|WindowsStandalone32.Build.0 = Player|WindowsStandalone32
		{2BAFAC87-E7F4-B9B4-18D9-448D219B01AB}.Player|WindowsStandalone64.Build.0 = Player|WindowsStandalone64
		{645165C8-1694-74BF-BBEB-8FB0BCFD26F5}.InEditor|WindowsStandalone32.Build.0 = InEditor|WindowsStandalone32
		{645165C8-1694-74BF-BBEB-8FB0BCFD26F5}.InEditor|WindowsStandalone64.Build.0 = InEditor|WindowsStandalone64
		{BA171B3D-D2A5-1234-AB86-4770F99741A5}.InEditor|WindowsStandalone32.Build.0 = InEditor|WindowsStandalone32
		{BA171B3D-D2A5-1234-AB86-4770F99741A5}.InEditor|WindowsStandalone64.Build.0 = InEditor|WindowsStandalone64
		{BA171B3D-D2A5-1234-AB86-4770F99741A5}.Player|WindowsStandalone32.Build.0 = Player|WindowsStandalone32
		{BA171B3D-D2A5-1234-AB86-4770F99741A5}.Player|WindowsStandalone64.Build.0 = Player|WindowsStandalone64
		{27619889-B8BA-8C24-980F-49EE34DBB44A}.InEditor|WindowsStandalone32.Build.0 = InEditor|WindowsStandalone32
		{27619889-B8BA-8C24-980F-49EE34DBB44A}.InEditor|WindowsStandalone64.Build.0 = InEditor|WindowsStandalone64
		{27619889-B8BA-8C24-980F-49EE34DBB44A}.Player|WindowsStandalone32.Build.0 = Player|WindowsStandalone32
		{27619889-B8BA-8C24-980F-49EE34DBB44A}.Player|WindowsStandalone64.Build.0 = Player|WindowsStandalone64
		{0DF1F49A-50F1-5354-5BF9-9E3DBB6674AD}.InEditor|WindowsStandalone32.Build.0 = InEditor|WindowsStandalone32
		{0DF1F49A-50F1-5354-5BF9-9E3DBB6674AD}.InEditor|WindowsStandalone64.Build.0 = InEditor|WindowsStandalone64
		{2C573E6B-2716-5184-6A79-655161004C5B}.InEditor|WindowsStandalone32.Build.0 = InEditor|WindowsStandalone32
		{2C573E6B-2716-5184-6A79-655161004C5B}.InEditor|WindowsStandalone64.Build.0 = InEditor|WindowsStandalone64
		{3A9781DB-4804-A994-5B98-83F3A7C46D45}.InEditor|WindowsStandalone32.Build.0 = InEditor|WindowsStandalone32
		{3A9781DB-4804-A994-5B98-83F3A7C46D45}.InEditor|WindowsStandalone64.Build.0 = InEditor|WindowsStandalone64
		{B13A1D1D-FB13-F1B4-89A0-FF5612F36F29}.InEditor|WindowsStandalone32.Build.0 = InEditor|WindowsStandalone32
		{B13A1D1D-FB13-F1B4-89A0-FF5612F36F29}.InEditor|WindowsStandalone64.Build.0 = InEditor|WindowsStandalone64
		{33B4BC8F-F031-CA64-CB5B-84C47A40DD88}.InEditor|WindowsStandalone32.Build.0 = InEditor|WindowsStandalone32
		{33B4BC8F-F031-CA64-CB5B-84C47A40DD88}.InEditor|WindowsStandalone64.Build.0 = InEditor|WindowsStandalone64
		{0FDA7EBE-61AB-2164-383D-10E32EFB9C6E}.InEditor|WindowsStandalone32.Build.0 = InEditor|WindowsStandalone32
		{0FDA7EBE-61AB-2164-383D-10E32EFB9C6E}.InEditor|WindowsStandalone64.Build.0 = InEditor|WindowsStandalone64
		{0FDA7EBE-61AB-2164-383D-10E32EFB9C6E}.Player|WindowsStandalone32.Build.0 = Player|WindowsStandalone32
		{0FDA7EBE-61AB-2164-383D-10E32EFB9C6E}.Player|WindowsStandalone64.Build.0 = Player|WindowsStandalone64
		{343DEAAF-83E0-CEE4-CA97-8E7DF0B80D21}.InEditor|WindowsStandalone32.Build.0 = InEditor|WindowsStandalone32
		{343DEAAF-83E0-CEE4-CA97-8E7DF0B80D21}.InEditor|WindowsStandalone64.Build.0 = InEditor|WindowsStandalone64
		{CDB3C7B2-A792-97B4-B836-472544D312E6}.InEditor|WindowsStandalone32.Build.0 = InEditor|WindowsStandalone32
		{CDB3C7B2-A792-97B4-B836-472544D312E6}.InEditor|WindowsStandalone64.Build.0 = InEditor|WindowsStandalone64
		{CDB3C7B2-A792-97B4-B836-472544D312E6}.Player|WindowsStandalone32.Build.0 = Player|WindowsStandalone32
		{CDB3C7B2-A792-97B4-B836-472544D312E6}.Player|WindowsStandalone64.Build.0 = Player|WindowsStandalone64
		{02F77120-4943-F4A4-0949-438E873E3EFF}.InEditor|WindowsStandalone32.Build.0 = InEditor|WindowsStandalone32
		{02F77120-4943-F4A4-0949-438E873E3EFF}.InEditor|WindowsStandalone64.Build.0 = InEditor|WindowsStandalone64
		{1C73E6E1-E2B7-8495-3A92-12924DC002D1}.InEditor|WindowsStandalone32.Build.0 = InEditor|WindowsStandalone32
		{1C73E6E1-E2B7-8495-3A92-12924DC002D1}.InEditor|WindowsStandalone64.Build.0 = InEditor|WindowsStandalone64
		{28C5E819-ECE8-A074-6ABB-16DC5AA91F44}.InEditor|WindowsStandalone32.Build.0 = InEditor|WindowsStandalone32
		{28C5E819-ECE8-A074-6ABB-16DC5AA91F44}.InEditor|WindowsStandalone64.Build.0 = InEditor|WindowsStandalone64
		{28C5E819-ECE8-A074-6ABB-16DC5AA91F44}.Player|WindowsStandalone32.Build.0 = Player|WindowsStandalone32
		{28C5E819-ECE8-A074-6ABB-16DC5AA91F44}.Player|WindowsStandalone64.Build.0 = Player|WindowsStandalone64
		{2426A099-181D-F8F4-0A73-894ABE74AA70}.InEditor|WindowsStandalone32.Build.0 = InEditor|WindowsStandalone32
		{2426A099-181D-F8F4-0A73-894ABE74AA70}.InEditor|WindowsStandalone64.Build.0 = InEditor|WindowsStandalone64
		{0ACC5239-4130-2664-DB1F-4E527237FEB3}.InEditor|WindowsStandalone32.Build.0 = InEditor|WindowsStandalone32
		{0ACC5239-4130-2664-DB1F-4E527237FEB3}.InEditor|WindowsStandalone64.Build.0 = InEditor|WindowsStandalone64
		{0BBD462D-7DC8-F944-1973-A4C86A22E16E}.InEditor|WindowsStandalone32.Build.0 = InEditor|WindowsStandalone32
		{0BBD462D-7DC8-F944-1973-A4C86A22E16E}.InEditor|WindowsStandalone64.Build.0 = InEditor|WindowsStandalone64
		{52C867DE-B383-2554-C84D-C4202BD47258}.InEditor|WindowsStandalone32.Build.0 = InEditor|WindowsStandalone32
		{52C867DE-B383-2554-C84D-C4202BD47258}.InEditor|WindowsStandalone64.Build.0 = InEditor|WindowsStandalone64
		{5CD06987-0390-6034-CB45-6604ECF8919F}.InEditor|WindowsStandalone32.Build.0 = InEditor|WindowsStandalone32
		{5CD06987-0390-6034-CB45-6604ECF8919F}.InEditor|WindowsStandalone64.Build.0 = InEditor|WindowsStandalone64
		{D528C8C9-8D26-9CA4-4A06-CD9624A03945}.InEditor|WindowsStandalone32.Build.0 = InEditor|WindowsStandalone32
		{D528C8C9-8D26-9CA4-4A06-CD9624A03945}.InEditor|WindowsStandalone64.Build.0 = InEditor|WindowsStandalone64
		{2A24704E-B5EF-42AE-98EE-A5B9FD95F9A4}.InEditor|WindowsStandalone32.Build.0 = InEditor|WindowsStandalone32
		{2A24704E-B5EF-42AE-98EE-A5B9FD95F9A4}.InEditor|WindowsStandalone64.Build.0 = InEditor|WindowsStandalone64
		{2A24704E-B5EF-42AE-98EE-A5B9FD95F9A4}.Player|WindowsStandalone32.Build.0 = Player|WindowsStandalone32
		{2A24704E-B5EF-42AE-98EE-A5B9FD95F9A4}.Player|WindowsStandalone64.Build.0 = Player|WindowsStandalone64
	EndGlobalSection
	GlobalSection(SolutionProperties) = preSolution
		HideSolutionNode = FALSE
	EndGlobalSection
	GlobalSection(NestedProjects) = preSolution
		{2BAFAC87-E7F4-B9B4-18D9-448D219B01AB} = {A8333A77-CEC7-4083-ADCE-5EFC480ACD69}
		{2C573E6B-2716-5184-6A79-655161004C5B} = {A8333A77-CEC7-4083-ADCE-5EFC480ACD69}
		{3A9781DB-4804-A994-5B98-83F3A7C46D45} = {A8333A77-CEC7-4083-ADCE-5EFC480ACD69}
		{343DEAAF-83E0-CEE4-CA97-8E7DF0B80D21} = {A8333A77-CEC7-4083-ADCE-5EFC480ACD69}
		{6055BE8E-BEFD-69E4-8B49-212B09B47B2F} = {6D84B6B9-FF5D-40DB-ADC1-CA3F0367B85C}
		{F06555F7-5B07-0AF4-58A0-03D92F9EFB00} = {6D84B6B9-FF5D-40DB-ADC1-CA3F0367B85C}
		{A44F47CF-3ADA-4435-DBC5-16BAD0BC86FE} = {6D84B6B9-FF5D-40DB-ADC1-CA3F0367B85C}
		{5710C1F8-59F1-945B-6BC9-B33CFF6B43FC} = {6D84B6B9-FF5D-40DB-ADC1-CA3F0367B85C}
		{8B845B12-3AB4-1844-8A8B-E2935FA804E0} = {6D84B6B9-FF5D-40DB-ADC1-CA3F0367B85C}
		{6546D776-5B41-65B4-0850-B3667F981C26} = {6D84B6B9-FF5D-40DB-ADC1-CA3F0367B85C}
		{645165C8-1694-74BF-BBEB-8FB0BCFD26F5} = {6D84B6B9-FF5D-40DB-ADC1-CA3F0367B85C}
		{BA171B3D-D2A5-1234-AB86-4770F99741A5} = {6D84B6B9-FF5D-40DB-ADC1-CA3F0367B85C}
		{27619889-B8BA-8C24-980F-49EE34DBB44A} = {6D84B6B9-FF5D-40DB-ADC1-CA3F0367B85C}
		{B13A1D1D-FB13-F1B4-89A0-FF5612F36F29} = {6D84B6B9-FF5D-40DB-ADC1-CA3F0367B85C}
		{33B4BC8F-F031-CA64-CB5B-84C47A40DD88} = {6D84B6B9-FF5D-40DB-ADC1-CA3F0367B85C}
		{0FDA7EBE-61AB-2164-383D-10E32EFB9C6E} = {6D84B6B9-FF5D-40DB-ADC1-CA3F0367B85C}
		{02F77120-4943-F4A4-0949-438E873E3EFF} = {6D84B6B9-FF5D-40DB-ADC1-CA3F0367B85C}
		{1C73E6E1-E2B7-8495-3A92-12924DC002D1} = {6D84B6B9-FF5D-40DB-ADC1-CA3F0367B85C}
		{28C5E819-ECE8-A074-6ABB-16DC5AA91F44} = {6D84B6B9-FF5D-40DB-ADC1-CA3F0367B85C}
		{0ACC5239-4130-2664-DB1F-4E527237FEB3} = {6D84B6B9-FF5D-40DB-ADC1-CA3F0367B85C}
		{0BBD462D-7DC8-F944-1973-A4C86A22E16E} = {6D84B6B9-FF5D-40DB-ADC1-CA3F0367B85C}
		{52C867DE-B383-2554-C84D-C4202BD47258} = {6D84B6B9-FF5D-40DB-ADC1-CA3F0367B85C}
		{D528C8C9-8D26-9CA4-4A06-CD9624A03945} = {6D84B6B9-FF5D-40DB-ADC1-CA3F0367B85C}
		{0DF1F49A-50F1-5354-5BF9-9E3DBB6674AD} = {26736E49-3CA0-4640-AE39-31F92D17F464}
	EndGlobalSection
	GlobalSection(ExtensibilityGlobals) = postSolution
		SolutionGuid = {89752EEF-6413-4D53-BA9D-DCA0707F134E}
	EndGlobalSection
EndGlobal
